
Microsoft Visual Studio Solution File, Format Version 12.00
# Visual Studio Version 17
VisualStudioVersion = 17.6.33829.357
MinimumVisualStudioVersion = 10.0.40219.1
Project("{2150E333-8FDC-42A3-9474-1A3956D46DE8}") = "Solution Items", "Solution Items", "{F7ADA15B-22F3-4646-973C-308560386EC2}"
	ProjectSection(SolutionItems) = preProject
		.gitignore = .gitignore
		README.md = README.md
	EndProjectSection
EndProject
Project("{2150E333-8FDC-42A3-9474-1A3956D46DE8}") = "RevitToIFC.Functions", "RevitToIFC.Functions", "{3E4FCEAA-90F0-47EB-BCB1-3D57409802FB}"
EndProject
Project("{2150E333-8FDC-42A3-9474-1A3956D46DE8}") = "RevitToIFC.Web", "RevitToIFC.Web", "{DE9B7424-4852-4DD4-BED6-FAF14615B8BC}"
EndProject
Project("{2150E333-8FDC-42A3-9474-1A3956D46DE8}") = "RevitToIFC.Bundle", "RevitToIFC.Bundle", "{488665C0-AB5A-43B8-8587-83AE2B3E9FCC}"
EndProject
Project("{FAE04EC0-301F-11D3-BF4B-00C04F79EFBC}") = "RevitToIFCBundle", "RevitToIFC.Bundle\RevitToIFCBundle.csproj", "{089DD3BA-C6A5-4F6F-9122-A22A625F3FC4}"
EndProject
Global
	GlobalSection(SolutionConfigurationPlatforms) = preSolution
		Debug|Any CPU = Debug|Any CPU
		Release|Any CPU = Release|Any CPU
	EndGlobalSection
	GlobalSection(ProjectConfigurationPlatforms) = postSolution
		{089DD3BA-C6A5-4F6F-9122-A22A625F3FC4}.Debug|Any CPU.ActiveCfg = Debug|Any CPU
		{089DD3BA-C6A5-4F6F-9122-A22A625F3FC4}.Debug|Any CPU.Build.0 = Debug|Any CPU
		{089DD3BA-C6A5-4F6F-9122-A22A625F3FC4}.Release|Any CPU.ActiveCfg = Release|Any CPU
		{089DD3BA-C6A5-4F6F-9122-A22A625F3FC4}.Release|Any CPU.Build.0 = Release|Any CPU
	EndGlobalSection
	GlobalSection(SolutionProperties) = preSolution
		HideSolutionNode = FALSE
	EndGlobalSection
	GlobalSection(NestedProjects) = preSolution
		{089DD3BA-C6A5-4F6F-9122-A22A625F3FC4} = {488665C0-AB5A-43B8-8587-83AE2B3E9FCC}
	EndGlobalSection
	GlobalSection(ExtensibilityGlobals) = postSolution
		SolutionGuid = {00E2DA90-F745-47D6-AF54-5C457967FC50}
	EndGlobalSection
EndGlobal
