
Microsoft Visual Studio Solution File, Format Version 12.00
# Visual Studio Version 17
VisualStudioVersion = 17.6.33829.357
MinimumVisualStudioVersion = 10.0.40219.1
Project("{2150E333-8FDC-42A3-9474-1A3956D46DE8}") = "Solution Items", "Solution Items", "{F7ADA15B-22F3-4646-973C-308560386EC2}"
	ProjectSection(SolutionItems) = preProject
		.gitignore = .gitignore
		deploy.bicep = deploy.bicep
		deploy.ps1 = deploy.ps1
		README.md = README.md
	EndProjectSection
EndProject
Project("{2150E333-8FDC-42A3-9474-1A3956D46DE8}") = "src", "src", "{CE0382DA-C2AF-4245-8663-C7D733802A31}"
EndProject
Project("{2150E333-8FDC-42A3-9474-1A3956D46DE8}") = "test", "test", "{1A87D86D-CFF5-41F3-9CFE-91E7C6B664FD}"
EndProject
Project("{9A19103F-16F7-4668-BE54-9A1E7A4F7556}") = "Application", "src\Application\Application.csproj", "{BB4F85AA-7987-415A-9570-4C3A756E6466}"
EndProject
Project("{9A19103F-16F7-4668-BE54-9A1E7A4F7556}") = "Domain", "src\Domain\Domain.csproj", "{E26A2653-0AAB-45E6-AF1F-B325EB1B5C6D}"
EndProject
Project("{9A19103F-16F7-4668-BE54-9A1E7A4F7556}") = "Infrastructure", "src\Infrastructure\Infrastructure.csproj", "{F27C1262-EABE-48EE-9725-07A5A2983092}"
EndProject
Project("{9A19103F-16F7-4668-BE54-9A1E7A4F7556}") = "WebApp", "src\WebApp\WebApp.csproj", "{9E0C1639-C782-4436-9D2B-983E9D8DE0F4}"
EndProject
Project("{9A19103F-16F7-4668-BE54-9A1E7A4F7556}") = "ApplicationTest", "test\ApplicationTest\ApplicationTest.csproj", "{04BF669C-1F66-47EF-B842-81E326187E08}"
EndProject
Project("{9A19103F-16F7-4668-BE54-9A1E7A4F7556}") = "WebAppClientTest", "test\WebAppClientTest\WebAppClientTest.csproj", "{4D906CB0-5A5B-4AA0-AF0B-E2BF03C332BA}"
EndProject
Project("{9A19103F-16F7-4668-BE54-9A1E7A4F7556}") = "WebClient", "src\WebClient\WebClient.csproj", "{1BC9BB99-BEB0-4754-A9AF-3B44D7C35E9A}"
EndProject
Project("{9A19103F-16F7-4668-BE54-9A1E7A4F7556}") = "RevitToIFCBundle", "src\RevitToIFCBundle\RevitToIFCBundle.csproj", "{346AC94A-9FB9-4D3F-BE0B-1B98F2229343}"
EndProject
Global
	GlobalSection(SolutionConfigurationPlatforms) = preSolution
		2022|Any CPU = 2022|Any CPU
		2023|Any CPU = 2023|Any CPU
		2024|Any CPU = 2024|Any CPU
		2025|Any CPU = 2025|Any CPU
		Debug|Any CPU = Debug|Any CPU
		Release|Any CPU = Release|Any CPU
	EndGlobalSection
	GlobalSection(ProjectConfigurationPlatforms) = postSolution
		{BB4F85AA-7987-415A-9570-4C3A756E6466}.2022|Any CPU.ActiveCfg = Release|Any CPU
		{BB4F85AA-7987-415A-9570-4C3A756E6466}.2022|Any CPU.Build.0 = Release|Any CPU
		{BB4F85AA-7987-415A-9570-4C3A756E6466}.2023|Any CPU.ActiveCfg = Release|Any CPU
		{BB4F85AA-7987-415A-9570-4C3A756E6466}.2023|Any CPU.Build.0 = Release|Any CPU
		{BB4F85AA-7987-415A-9570-4C3A756E6466}.2024|Any CPU.ActiveCfg = Release|Any CPU
		{BB4F85AA-7987-415A-9570-4C3A756E6466}.2024|Any CPU.Build.0 = Release|Any CPU
		{BB4F85AA-7987-415A-9570-4C3A756E6466}.2025|Any CPU.ActiveCfg = Release|Any CPU
		{BB4F85AA-7987-415A-9570-4C3A756E6466}.2025|Any CPU.Build.0 = Release|Any CPU
		{BB4F85AA-7987-415A-9570-4C3A756E6466}.Debug|Any CPU.ActiveCfg = Debug|Any CPU
		{BB4F85AA-7987-415A-9570-4C3A756E6466}.Debug|Any CPU.Build.0 = Debug|Any CPU
		{BB4F85AA-7987-415A-9570-4C3A756E6466}.Release|Any CPU.ActiveCfg = Release|Any CPU
		{BB4F85AA-7987-415A-9570-4C3A756E6466}.Release|Any CPU.Build.0 = Release|Any CPU
		{E26A2653-0AAB-45E6-AF1F-B325EB1B5C6D}.2022|Any CPU.ActiveCfg = Release|Any CPU
		{E26A2653-0AAB-45E6-AF1F-B325EB1B5C6D}.2022|Any CPU.Build.0 = Release|Any CPU
		{E26A2653-0AAB-45E6-AF1F-B325EB1B5C6D}.2023|Any CPU.ActiveCfg = Release|Any CPU
		{E26A2653-0AAB-45E6-AF1F-B325EB1B5C6D}.2023|Any CPU.Build.0 = Release|Any CPU
		{E26A2653-0AAB-45E6-AF1F-B325EB1B5C6D}.2024|Any CPU.ActiveCfg = Release|Any CPU
		{E26A2653-0AAB-45E6-AF1F-B325EB1B5C6D}.2024|Any CPU.Build.0 = Release|Any CPU
		{E26A2653-0AAB-45E6-AF1F-B325EB1B5C6D}.2025|Any CPU.ActiveCfg = Release|Any CPU
		{E26A2653-0AAB-45E6-AF1F-B325EB1B5C6D}.2025|Any CPU.Build.0 = Release|Any CPU
		{E26A2653-0AAB-45E6-AF1F-B325EB1B5C6D}.Debug|Any CPU.ActiveCfg = Debug|Any CPU
		{E26A2653-0AAB-45E6-AF1F-B325EB1B5C6D}.Debug|Any CPU.Build.0 = Debug|Any CPU
		{E26A2653-0AAB-45E6-AF1F-B325EB1B5C6D}.Release|Any CPU.ActiveCfg = Release|Any CPU
		{E26A2653-0AAB-45E6-AF1F-B325EB1B5C6D}.Release|Any CPU.Build.0 = Release|Any CPU
		{F27C1262-EABE-48EE-9725-07A5A2983092}.2022|Any CPU.ActiveCfg = Release|Any CPU
		{F27C1262-EABE-48EE-9725-07A5A2983092}.2022|Any CPU.Build.0 = Release|Any CPU
		{F27C1262-EABE-48EE-9725-07A5A2983092}.2023|Any CPU.ActiveCfg = Release|Any CPU
		{F27C1262-EABE-48EE-9725-07A5A2983092}.2023|Any CPU.Build.0 = Release|Any CPU
		{F27C1262-EABE-48EE-9725-07A5A2983092}.2024|Any CPU.ActiveCfg = Release|Any CPU
		{F27C1262-EABE-48EE-9725-07A5A2983092}.2024|Any CPU.Build.0 = Release|Any CPU
		{F27C1262-EABE-48EE-9725-07A5A2983092}.2025|Any CPU.ActiveCfg = Release|Any CPU
		{F27C1262-EABE-48EE-9725-07A5A2983092}.2025|Any CPU.Build.0 = Release|Any CPU
		{F27C1262-EABE-48EE-9725-07A5A2983092}.Debug|Any CPU.ActiveCfg = Debug|Any CPU
		{F27C1262-EABE-48EE-9725-07A5A2983092}.Debug|Any CPU.Build.0 = Debug|Any CPU
		{F27C1262-EABE-48EE-9725-07A5A2983092}.Release|Any CPU.ActiveCfg = Release|Any CPU
		{F27C1262-EABE-48EE-9725-07A5A2983092}.Release|Any CPU.Build.0 = Release|Any CPU
		{9E0C1639-C782-4436-9D2B-983E9D8DE0F4}.2022|Any CPU.ActiveCfg = Release|Any CPU
		{9E0C1639-C782-4436-9D2B-983E9D8DE0F4}.2022|Any CPU.Build.0 = Release|Any CPU
		{9E0C1639-C782-4436-9D2B-983E9D8DE0F4}.2023|Any CPU.ActiveCfg = Release|Any CPU
		{9E0C1639-C782-4436-9D2B-983E9D8DE0F4}.2023|Any CPU.Build.0 = Release|Any CPU
		{9E0C1639-C782-4436-9D2B-983E9D8DE0F4}.2024|Any CPU.ActiveCfg = Release|Any CPU
		{9E0C1639-C782-4436-9D2B-983E9D8DE0F4}.2024|Any CPU.Build.0 = Release|Any CPU
		{9E0C1639-C782-4436-9D2B-983E9D8DE0F4}.2025|Any CPU.ActiveCfg = Release|Any CPU
		{9E0C1639-C782-4436-9D2B-983E9D8DE0F4}.2025|Any CPU.Build.0 = Release|Any CPU
		{9E0C1639-C782-4436-9D2B-983E9D8DE0F4}.Debug|Any CPU.ActiveCfg = Debug|Any CPU
		{9E0C1639-C782-4436-9D2B-983E9D8DE0F4}.Debug|Any CPU.Build.0 = Debug|Any CPU
		{9E0C1639-C782-4436-9D2B-983E9D8DE0F4}.Release|Any CPU.ActiveCfg = Release|Any CPU
		{9E0C1639-C782-4436-9D2B-983E9D8DE0F4}.Release|Any CPU.Build.0 = Release|Any CPU
		{04BF669C-1F66-47EF-B842-81E326187E08}.2022|Any CPU.ActiveCfg = Release|Any CPU
		{04BF669C-1F66-47EF-B842-81E326187E08}.2022|Any CPU.Build.0 = Release|Any CPU
		{04BF669C-1F66-47EF-B842-81E326187E08}.2023|Any CPU.ActiveCfg = Release|Any CPU
		{04BF669C-1F66-47EF-B842-81E326187E08}.2023|Any CPU.Build.0 = Release|Any CPU
		{04BF669C-1F66-47EF-B842-81E326187E08}.2024|Any CPU.ActiveCfg = Release|Any CPU
		{04BF669C-1F66-47EF-B842-81E326187E08}.2024|Any CPU.Build.0 = Release|Any CPU
		{04BF669C-1F66-47EF-B842-81E326187E08}.2025|Any CPU.ActiveCfg = Release|Any CPU
		{04BF669C-1F66-47EF-B842-81E326187E08}.2025|Any CPU.Build.0 = Release|Any CPU
		{04BF669C-1F66-47EF-B842-81E326187E08}.Debug|Any CPU.ActiveCfg = Debug|Any CPU
		{04BF669C-1F66-47EF-B842-81E326187E08}.Debug|Any CPU.Build.0 = Debug|Any CPU
		{04BF669C-1F66-47EF-B842-81E326187E08}.Release|Any CPU.ActiveCfg = Release|Any CPU
		{04BF669C-1F66-47EF-B842-81E326187E08}.Release|Any CPU.Build.0 = Release|Any CPU
		{4D906CB0-5A5B-4AA0-AF0B-E2BF03C332BA}.2022|Any CPU.ActiveCfg = Release|Any CPU
		{4D906CB0-5A5B-4AA0-AF0B-E2BF03C332BA}.2022|Any CPU.Build.0 = Release|Any CPU
		{4D906CB0-5A5B-4AA0-AF0B-E2BF03C332BA}.2023|Any CPU.ActiveCfg = Release|Any CPU
		{4D906CB0-5A5B-4AA0-AF0B-E2BF03C332BA}.2023|Any CPU.Build.0 = Release|Any CPU
		{4D906CB0-5A5B-4AA0-AF0B-E2BF03C332BA}.2024|Any CPU.ActiveCfg = Release|Any CPU
		{4D906CB0-5A5B-4AA0-AF0B-E2BF03C332BA}.2024|Any CPU.Build.0 = Release|Any CPU
		{4D906CB0-5A5B-4AA0-AF0B-E2BF03C332BA}.2025|Any CPU.ActiveCfg = Release|Any CPU
		{4D906CB0-5A5B-4AA0-AF0B-E2BF03C332BA}.2025|Any CPU.Build.0 = Release|Any CPU
		{4D906CB0-5A5B-4AA0-AF0B-E2BF03C332BA}.Debug|Any CPU.ActiveCfg = Debug|Any CPU
		{4D906CB0-5A5B-4AA0-AF0B-E2BF03C332BA}.Debug|Any CPU.Build.0 = Debug|Any CPU
		{4D906CB0-5A5B-4AA0-AF0B-E2BF03C332BA}.Release|Any CPU.ActiveCfg = Release|Any CPU
		{4D906CB0-5A5B-4AA0-AF0B-E2BF03C332BA}.Release|Any CPU.Build.0 = Release|Any CPU
		{1BC9BB99-BEB0-4754-A9AF-3B44D7C35E9A}.2022|Any CPU.ActiveCfg = Release|Any CPU
		{1BC9BB99-BEB0-4754-A9AF-3B44D7C35E9A}.2022|Any CPU.Build.0 = Release|Any CPU
		{1BC9BB99-BEB0-4754-A9AF-3B44D7C35E9A}.2023|Any CPU.ActiveCfg = Release|Any CPU
		{1BC9BB99-BEB0-4754-A9AF-3B44D7C35E9A}.2023|Any CPU.Build.0 = Release|Any CPU
		{1BC9BB99-BEB0-4754-A9AF-3B44D7C35E9A}.2024|Any CPU.ActiveCfg = Release|Any CPU
		{1BC9BB99-BEB0-4754-A9AF-3B44D7C35E9A}.2024|Any CPU.Build.0 = Release|Any CPU
		{1BC9BB99-BEB0-4754-A9AF-3B44D7C35E9A}.2025|Any CPU.ActiveCfg = Release|Any CPU
		{1BC9BB99-BEB0-4754-A9AF-3B44D7C35E9A}.2025|Any CPU.Build.0 = Release|Any CPU
		{1BC9BB99-BEB0-4754-A9AF-3B44D7C35E9A}.Debug|Any CPU.ActiveCfg = Debug|Any CPU
		{1BC9BB99-BEB0-4754-A9AF-3B44D7C35E9A}.Debug|Any CPU.Build.0 = Debug|Any CPU
		{1BC9BB99-BEB0-4754-A9AF-3B44D7C35E9A}.Release|Any CPU.ActiveCfg = Release|Any CPU
		{1BC9BB99-BEB0-4754-A9AF-3B44D7C35E9A}.Release|Any CPU.Build.0 = Release|Any CPU
		{346AC94A-9FB9-4D3F-BE0B-1B98F2229343}.2022|Any CPU.ActiveCfg = 2022|x64
		{346AC94A-9FB9-4D3F-BE0B-1B98F2229343}.2022|Any CPU.Build.0 = 2022|x64
		{346AC94A-9FB9-4D3F-BE0B-1B98F2229343}.2023|Any CPU.ActiveCfg = 2023|x64
		{346AC94A-9FB9-4D3F-BE0B-1B98F2229343}.2023|Any CPU.Build.0 = 2023|x64
		{346AC94A-9FB9-4D3F-BE0B-1B98F2229343}.2024|Any CPU.ActiveCfg = 2024|x64
		{346AC94A-9FB9-4D3F-BE0B-1B98F2229343}.2024|Any CPU.Build.0 = 2024|x64
		{346AC94A-9FB9-4D3F-BE0B-1B98F2229343}.2025|Any CPU.ActiveCfg = 2025|x64
		{346AC94A-9FB9-4D3F-BE0B-1B98F2229343}.2025|Any CPU.Build.0 = 2025|x64
		{346AC94A-9FB9-4D3F-BE0B-1B98F2229343}.Debug|Any CPU.ActiveCfg = Debug|x64
		{346AC94A-9FB9-4D3F-BE0B-1B98F2229343}.Debug|Any CPU.Build.0 = Debug|x64
		{346AC94A-9FB9-4D3F-BE0B-1B98F2229343}.Release|Any CPU.ActiveCfg = Release|x64
	EndGlobalSection
	GlobalSection(SolutionProperties) = preSolution
		HideSolutionNode = FALSE
	EndGlobalSection
	GlobalSection(NestedProjects) = preSolution
		{BB4F85AA-7987-415A-9570-4C3A756E6466} = {CE0382DA-C2AF-4245-8663-C7D733802A31}
		{E26A2653-0AAB-45E6-AF1F-B325EB1B5C6D} = {CE0382DA-C2AF-4245-8663-C7D733802A31}
		{F27C1262-EABE-48EE-9725-07A5A2983092} = {CE0382DA-C2AF-4245-8663-C7D733802A31}
		{9E0C1639-C782-4436-9D2B-983E9D8DE0F4} = {CE0382DA-C2AF-4245-8663-C7D733802A31}
		{04BF669C-1F66-47EF-B842-81E326187E08} = {1A87D86D-CFF5-41F3-9CFE-91E7C6B664FD}
		{4D906CB0-5A5B-4AA0-AF0B-E2BF03C332BA} = {1A87D86D-CFF5-41F3-9CFE-91E7C6B664FD}
		{1BC9BB99-BEB0-4754-A9AF-3B44D7C35E9A} = {CE0382DA-C2AF-4245-8663-C7D733802A31}
		{346AC94A-9FB9-4D3F-BE0B-1B98F2229343} = {CE0382DA-C2AF-4245-8663-C7D733802A31}
	EndGlobalSection
	GlobalSection(ExtensibilityGlobals) = postSolution
		SolutionGuid = {00E2DA90-F745-47D6-AF54-5C457967FC50}
	EndGlobalSection
EndGlobal
